// !$*UTF8*$!
{
	archiveVersion = 1;
	classes = {
	};
	objectVersion = 55;
	objects = {

/* Begin PBXBuildFile section */
		A8064A0A285F198200FB5A9C /* suffixTaskApp.swift in Sources */ = {isa = PBXBuildFile; fileRef = A8064A09285F198200FB5A9C /* suffixTaskApp.swift */; };
		A8064A0E285F198300FB5A9C /* Assets.xcassets in Resources */ = {isa = PBXBuildFile; fileRef = A8064A0D285F198300FB5A9C /* Assets.xcassets */; };
		A8064A11285F198300FB5A9C /* Preview Assets.xcassets in Resources */ = {isa = PBXBuildFile; fileRef = A8064A10285F198300FB5A9C /* Preview Assets.xcassets */; };
		A8064A3A285F215900FB5A9C /* WidgetKit.framework in Frameworks */ = {isa = PBXBuildFile; fileRef = A8064A39285F215900FB5A9C /* WidgetKit.framework */; };
		A8064A3C285F215900FB5A9C /* SwiftUI.framework in Frameworks */ = {isa = PBXBuildFile; fileRef = A8064A3B285F215900FB5A9C /* SwiftUI.framework */; };
		A8064A3F285F215900FB5A9C /* suffixWidget.swift in Sources */ = {isa = PBXBuildFile; fileRef = A8064A3E285F215900FB5A9C /* suffixWidget.swift */; };
		A8064A42285F215A00FB5A9C /* Assets.xcassets in Resources */ = {isa = PBXBuildFile; fileRef = A8064A41285F215A00FB5A9C /* Assets.xcassets */; };
		A8064A44285F215A00FB5A9C /* suffixWidget.intentdefinition in Sources */ = {isa = PBXBuildFile; fileRef = A8064A40285F215900FB5A9C /* suffixWidget.intentdefinition */; };
		A8064A45285F215A00FB5A9C /* suffixWidget.intentdefinition in Sources */ = {isa = PBXBuildFile; fileRef = A8064A40285F215900FB5A9C /* suffixWidget.intentdefinition */; };
		A8064A48285F215A00FB5A9C /* suffixWidgetExtension.appex in Embed App Extensions */ = {isa = PBXBuildFile; fileRef = A8064A37285F215900FB5A9C /* suffixWidgetExtension.appex */; settings = {ATTRIBUTES = (RemoveHeadersOnCopy, ); }; };
		A8064A52285F222D00FB5A9C /* RootTabView.swift in Sources */ = {isa = PBXBuildFile; fileRef = A8064A51285F222D00FB5A9C /* RootTabView.swift */; };
		A8064A54285F226E00FB5A9C /* TabViewSelection.swift in Sources */ = {isa = PBXBuildFile; fileRef = A8064A53285F226E00FB5A9C /* TabViewSelection.swift */; };
		A8064A5A285F232B00FB5A9C /* FirstView.swift in Sources */ = {isa = PBXBuildFile; fileRef = A8064A59285F232B00FB5A9C /* FirstView.swift */; };
		A8064A5C285F233400FB5A9C /* SecondView.swift in Sources */ = {isa = PBXBuildFile; fileRef = A8064A5B285F233400FB5A9C /* SecondView.swift */; };
		A8064A5E285F235B00FB5A9C /* ViewModel.swift in Sources */ = {isa = PBXBuildFile; fileRef = A8064A5D285F235B00FB5A9C /* ViewModel.swift */; };
		A8064A64285F678D00FB5A9C /* Constants.swift in Sources */ = {isa = PBXBuildFile; fileRef = A8064A63285F678D00FB5A9C /* Constants.swift */; };
		A873004B2865A563002F8652 /* SuffixModel.swift in Sources */ = {isa = PBXBuildFile; fileRef = A873004A2865A563002F8652 /* SuffixModel.swift */; };
		A873004D2865B02D002F8652 /* StringSequence.swift in Sources */ = {isa = PBXBuildFile; fileRef = A873004C2865B02D002F8652 /* StringSequence.swift */; };
		A873004F2865B04F002F8652 /* StringIterator.swift in Sources */ = {isa = PBXBuildFile; fileRef = A873004E2865B04F002F8652 /* StringIterator.swift */; };
		A87300512865DF3A002F8652 /* AscendingType.swift in Sources */ = {isa = PBXBuildFile; fileRef = A87300502865DF3A002F8652 /* AscendingType.swift */; };
		A873005628661D0D002F8652 /* Constants.swift in Sources */ = {isa = PBXBuildFile; fileRef = A8064A63285F678D00FB5A9C /* Constants.swift */; };
		A873005728662130002F8652 /* SuffixModel.swift in Sources */ = {isa = PBXBuildFile; fileRef = A873004A2865A563002F8652 /* SuffixModel.swift */; };
/* End PBXBuildFile section */

/* Begin PBXContainerItemProxy section */
		A8064A46285F215A00FB5A9C /* PBXContainerItemProxy */ = {
			isa = PBXContainerItemProxy;
			containerPortal = A80649FE285F198200FB5A9C /* Project object */;
			proxyType = 1;
			remoteGlobalIDString = A8064A36285F215900FB5A9C;
			remoteInfo = suffixWidgetExtension;
		};
/* End PBXContainerItemProxy section */

/* Begin PBXCopyFilesBuildPhase section */
		A8064A4C285F215A00FB5A9C /* Embed App Extensions */ = {
			isa = PBXCopyFilesBuildPhase;
			buildActionMask = 2147483647;
			dstPath = "";
			dstSubfolderSpec = 13;
			files = (
				A8064A48285F215A00FB5A9C /* suffixWidgetExtension.appex in Embed App Extensions */,
			);
			name = "Embed App Extensions";
			runOnlyForDeploymentPostprocessing = 0;
		};
/* End PBXCopyFilesBuildPhase section */

/* Begin PBXFileReference section */
		A8064A06285F198200FB5A9C /* suffixTask.app */ = {isa = PBXFileReference; explicitFileType = wrapper.application; includeInIndex = 0; path = suffixTask.app; sourceTree = BUILT_PRODUCTS_DIR; };
		A8064A09285F198200FB5A9C /* suffixTaskApp.swift */ = {isa = PBXFileReference; lastKnownFileType = sourcecode.swift; path = suffixTaskApp.swift; sourceTree = "<group>"; };
		A8064A0D285F198300FB5A9C /* Assets.xcassets */ = {isa = PBXFileReference; lastKnownFileType = folder.assetcatalog; path = Assets.xcassets; sourceTree = "<group>"; };
		A8064A10285F198300FB5A9C /* Preview Assets.xcassets */ = {isa = PBXFileReference; lastKnownFileType = folder.assetcatalog; path = "Preview Assets.xcassets"; sourceTree = "<group>"; };
		A8064A37285F215900FB5A9C /* suffixWidgetExtension.appex */ = {isa = PBXFileReference; explicitFileType = "wrapper.app-extension"; includeInIndex = 0; path = suffixWidgetExtension.appex; sourceTree = BUILT_PRODUCTS_DIR; };
		A8064A39285F215900FB5A9C /* WidgetKit.framework */ = {isa = PBXFileReference; lastKnownFileType = wrapper.framework; name = WidgetKit.framework; path = System/Library/Frameworks/WidgetKit.framework; sourceTree = SDKROOT; };
		A8064A3B285F215900FB5A9C /* SwiftUI.framework */ = {isa = PBXFileReference; lastKnownFileType = wrapper.framework; name = SwiftUI.framework; path = System/Library/Frameworks/SwiftUI.framework; sourceTree = SDKROOT; };
		A8064A3E285F215900FB5A9C /* suffixWidget.swift */ = {isa = PBXFileReference; lastKnownFileType = sourcecode.swift; path = suffixWidget.swift; sourceTree = "<group>"; };
		A8064A40285F215900FB5A9C /* suffixWidget.intentdefinition */ = {isa = PBXFileReference; lastKnownFileType = file.intentdefinition; path = suffixWidget.intentdefinition; sourceTree = "<group>"; };
		A8064A41285F215A00FB5A9C /* Assets.xcassets */ = {isa = PBXFileReference; lastKnownFileType = folder.assetcatalog; path = Assets.xcassets; sourceTree = "<group>"; };
		A8064A43285F215A00FB5A9C /* Info.plist */ = {isa = PBXFileReference; lastKnownFileType = text.plist.xml; path = Info.plist; sourceTree = "<group>"; };
		A8064A51285F222D00FB5A9C /* RootTabView.swift */ = {isa = PBXFileReference; lastKnownFileType = sourcecode.swift; path = RootTabView.swift; sourceTree = "<group>"; };
		A8064A53285F226E00FB5A9C /* TabViewSelection.swift */ = {isa = PBXFileReference; lastKnownFileType = sourcecode.swift; path = TabViewSelection.swift; sourceTree = "<group>"; };
		A8064A59285F232B00FB5A9C /* FirstView.swift */ = {isa = PBXFileReference; lastKnownFileType = sourcecode.swift; path = FirstView.swift; sourceTree = "<group>"; };
		A8064A5B285F233400FB5A9C /* SecondView.swift */ = {isa = PBXFileReference; lastKnownFileType = sourcecode.swift; path = SecondView.swift; sourceTree = "<group>"; };
		A8064A5D285F235B00FB5A9C /* ViewModel.swift */ = {isa = PBXFileReference; lastKnownFileType = sourcecode.swift; path = ViewModel.swift; sourceTree = "<group>"; };
		A8064A63285F678D00FB5A9C /* Constants.swift */ = {isa = PBXFileReference; lastKnownFileType = sourcecode.swift; path = Constants.swift; sourceTree = "<group>"; };
		A81EA1562866E05B00203638 /* suffixTask.entitlements */ = {isa = PBXFileReference; lastKnownFileType = text.plist.entitlements; path = suffixTask.entitlements; sourceTree = "<group>"; };
		A873004A2865A563002F8652 /* SuffixModel.swift */ = {isa = PBXFileReference; lastKnownFileType = sourcecode.swift; path = SuffixModel.swift; sourceTree = "<group>"; };
		A873004C2865B02D002F8652 /* StringSequence.swift */ = {isa = PBXFileReference; lastKnownFileType = sourcecode.swift; path = StringSequence.swift; sourceTree = "<group>"; };
		A873004E2865B04F002F8652 /* StringIterator.swift */ = {isa = PBXFileReference; lastKnownFileType = sourcecode.swift; path = StringIterator.swift; sourceTree = "<group>"; };
		A87300502865DF3A002F8652 /* AscendingType.swift */ = {isa = PBXFileReference; lastKnownFileType = sourcecode.swift; path = AscendingType.swift; sourceTree = "<group>"; };
/* End PBXFileReference section */

/* Begin PBXFrameworksBuildPhase section */
		A8064A03285F198200FB5A9C /* Frameworks */ = {
			isa = PBXFrameworksBuildPhase;
			buildActionMask = 2147483647;
			files = (
			);
			runOnlyForDeploymentPostprocessing = 0;
		};
		A8064A34285F215900FB5A9C /* Frameworks */ = {
			isa = PBXFrameworksBuildPhase;
			buildActionMask = 2147483647;
			files = (
				A8064A3C285F215900FB5A9C /* SwiftUI.framework in Frameworks */,
				A8064A3A285F215900FB5A9C /* WidgetKit.framework in Frameworks */,
			);
			runOnlyForDeploymentPostprocessing = 0;
		};
/* End PBXFrameworksBuildPhase section */

/* Begin PBXGroup section */
		A80649FD285F198200FB5A9C = {
			isa = PBXGroup;
			children = (
				A8064A08285F198200FB5A9C /* suffixTask */,
				A8064A3D285F215900FB5A9C /* suffixWidget */,
				A8064A38285F215900FB5A9C /* Frameworks */,
				A8064A07285F198200FB5A9C /* Products */,
			);
			sourceTree = "<group>";
		};
		A8064A07285F198200FB5A9C /* Products */ = {
			isa = PBXGroup;
			children = (
				A8064A06285F198200FB5A9C /* suffixTask.app */,
				A8064A37285F215900FB5A9C /* suffixWidgetExtension.appex */,
			);
			name = Products;
			sourceTree = "<group>";
		};
		A8064A08285F198200FB5A9C /* suffixTask */ = {
			isa = PBXGroup;
			children = (
				A81EA1562866E05B00203638 /* suffixTask.entitlements */,
				A8064A09285F198200FB5A9C /* suffixTaskApp.swift */,
				A87300522865E9BE002F8652 /* Core */,
				A8064A50285F220400FB5A9C /* Model */,
				A8064A4E285F21F100FB5A9C /* View */,
				A8064A4D285F21E900FB5A9C /* ViewModel */,
				A8064A62285F677800FB5A9C /* Resource */,
			);
			path = suffixTask;
			sourceTree = "<group>";
		};
		A8064A38285F215900FB5A9C /* Frameworks */ = {
			isa = PBXGroup;
			children = (
				A8064A39285F215900FB5A9C /* WidgetKit.framework */,
				A8064A3B285F215900FB5A9C /* SwiftUI.framework */,
			);
			name = Frameworks;
			sourceTree = "<group>";
		};
		A8064A3D285F215900FB5A9C /* suffixWidget */ = {
			isa = PBXGroup;
			children = (
				A8064A3E285F215900FB5A9C /* suffixWidget.swift */,
				A8064A40285F215900FB5A9C /* suffixWidget.intentdefinition */,
				A8064A41285F215A00FB5A9C /* Assets.xcassets */,
				A8064A43285F215A00FB5A9C /* Info.plist */,
			);
			path = suffixWidget;
			sourceTree = "<group>";
		};
		A8064A4D285F21E900FB5A9C /* ViewModel */ = {
			isa = PBXGroup;
			children = (
				A8064A5D285F235B00FB5A9C /* ViewModel.swift */,
			);
			path = ViewModel;
			sourceTree = "<group>";
		};
		A8064A4E285F21F100FB5A9C /* View */ = {
			isa = PBXGroup;
			children = (
				A8064A51285F222D00FB5A9C /* RootTabView.swift */,
				A8064A59285F232B00FB5A9C /* FirstView.swift */,
				A8064A5B285F233400FB5A9C /* SecondView.swift */,
			);
			path = View;
			sourceTree = "<group>";
		};
		A8064A50285F220400FB5A9C /* Model */ = {
			isa = PBXGroup;
			children = (
				A8064A53285F226E00FB5A9C /* TabViewSelection.swift */,
				A87300502865DF3A002F8652 /* AscendingType.swift */,
				A873004A2865A563002F8652 /* SuffixModel.swift */,
			);
			path = Model;
			sourceTree = "<group>";
		};
		A8064A5F285F24D300FB5A9C /* Preview Content */ = {
			isa = PBXGroup;
			children = (
				A8064A10285F198300FB5A9C /* Preview Assets.xcassets */,
			);
			path = "Preview Content";
			sourceTree = "<group>";
		};
		A8064A62285F677800FB5A9C /* Resource */ = {
			isa = PBXGroup;
			children = (
				A8064A5F285F24D300FB5A9C /* Preview Content */,
				A8064A0D285F198300FB5A9C /* Assets.xcassets */,
				A8064A63285F678D00FB5A9C /* Constants.swift */,
			);
			path = Resource;
			sourceTree = "<group>";
		};
		A87300522865E9BE002F8652 /* Core */ = {
			isa = PBXGroup;
			children = (
				A873004C2865B02D002F8652 /* StringSequence.swift */,
				A873004E2865B04F002F8652 /* StringIterator.swift */,
			);
			path = Core;
			sourceTree = "<group>";
		};
/* End PBXGroup section */

/* Begin PBXNativeTarget section */
		A8064A05285F198200FB5A9C /* suffixTask */ = {
			isa = PBXNativeTarget;
			buildConfigurationList = A8064A2A285F198300FB5A9C /* Build configuration list for PBXNativeTarget "suffixTask" */;
			buildPhases = (
				A8064A02285F198200FB5A9C /* Sources */,
				A8064A03285F198200FB5A9C /* Frameworks */,
				A8064A04285F198200FB5A9C /* Resources */,
				A8064A4C285F215A00FB5A9C /* Embed App Extensions */,
			);
			buildRules = (
			);
			dependencies = (
				A8064A47285F215A00FB5A9C /* PBXTargetDependency */,
			);
			name = suffixTask;
			productName = suffixTask;
			productReference = A8064A06285F198200FB5A9C /* suffixTask.app */;
			productType = "com.apple.product-type.application";
		};
		A8064A36285F215900FB5A9C /* suffixWidgetExtension */ = {
			isa = PBXNativeTarget;
			buildConfigurationList = A8064A49285F215A00FB5A9C /* Build configuration list for PBXNativeTarget "suffixWidgetExtension" */;
			buildPhases = (
				A8064A33285F215900FB5A9C /* Sources */,
				A8064A34285F215900FB5A9C /* Frameworks */,
				A8064A35285F215900FB5A9C /* Resources */,
			);
			buildRules = (
			);
			dependencies = (
			);
			name = suffixWidgetExtension;
			productName = suffixWidgetExtension;
			productReference = A8064A37285F215900FB5A9C /* suffixWidgetExtension.appex */;
			productType = "com.apple.product-type.app-extension";
		};
/* End PBXNativeTarget section */

/* Begin PBXProject section */
		A80649FE285F198200FB5A9C /* Project object */ = {
			isa = PBXProject;
			attributes = {
				BuildIndependentTargetsInParallel = 1;
				LastSwiftUpdateCheck = 1340;
				LastUpgradeCheck = 1340;
				TargetAttributes = {
					A8064A05285F198200FB5A9C = {
						CreatedOnToolsVersion = 13.4.1;
					};
					A8064A36285F215900FB5A9C = {
						CreatedOnToolsVersion = 13.4.1;
					};
				};
			};
			buildConfigurationList = A8064A01285F198200FB5A9C /* Build configuration list for PBXProject "suffixTask" */;
			compatibilityVersion = "Xcode 13.0";
			developmentRegion = en;
			hasScannedForEncodings = 0;
			knownRegions = (
				en,
				Base,
			);
			mainGroup = A80649FD285F198200FB5A9C;
			productRefGroup = A8064A07285F198200FB5A9C /* Products */;
			projectDirPath = "";
			projectRoot = "";
			targets = (
				A8064A05285F198200FB5A9C /* suffixTask */,
				A8064A36285F215900FB5A9C /* suffixWidgetExtension */,
			);
		};
/* End PBXProject section */

/* Begin PBXResourcesBuildPhase section */
		A8064A04285F198200FB5A9C /* Resources */ = {
			isa = PBXResourcesBuildPhase;
			buildActionMask = 2147483647;
			files = (
				A8064A11285F198300FB5A9C /* Preview Assets.xcassets in Resources */,
				A8064A0E285F198300FB5A9C /* Assets.xcassets in Resources */,
			);
			runOnlyForDeploymentPostprocessing = 0;
		};
		A8064A35285F215900FB5A9C /* Resources */ = {
			isa = PBXResourcesBuildPhase;
			buildActionMask = 2147483647;
			files = (
				A8064A42285F215A00FB5A9C /* Assets.xcassets in Resources */,
			);
			runOnlyForDeploymentPostprocessing = 0;
		};
/* End PBXResourcesBuildPhase section */

/* Begin PBXSourcesBuildPhase section */
		A8064A02285F198200FB5A9C /* Sources */ = {
			isa = PBXSourcesBuildPhase;
			buildActionMask = 2147483647;
			files = (
				A8064A5C285F233400FB5A9C /* SecondView.swift in Sources */,
				A8064A54285F226E00FB5A9C /* TabViewSelection.swift in Sources */,
				A873004B2865A563002F8652 /* SuffixModel.swift in Sources */,
				A873004F2865B04F002F8652 /* StringIterator.swift in Sources */,
				A8064A5A285F232B00FB5A9C /* FirstView.swift in Sources */,
				A8064A0A285F198200FB5A9C /* suffixTaskApp.swift in Sources */,
				A8064A45285F215A00FB5A9C /* suffixWidget.intentdefinition in Sources */,
				A8064A5E285F235B00FB5A9C /* ViewModel.swift in Sources */,
				A87300512865DF3A002F8652 /* AscendingType.swift in Sources */,
				A873004D2865B02D002F8652 /* StringSequence.swift in Sources */,
				A8064A52285F222D00FB5A9C /* RootTabView.swift in Sources */,
				A8064A64285F678D00FB5A9C /* Constants.swift in Sources */,
			);
			runOnlyForDeploymentPostprocessing = 0;
		};
		A8064A33285F215900FB5A9C /* Sources */ = {
			isa = PBXSourcesBuildPhase;
			buildActionMask = 2147483647;
			files = (
				A8064A3F285F215900FB5A9C /* suffixWidget.swift in Sources */,
				A8064A44285F215A00FB5A9C /* suffixWidget.intentdefinition in Sources */,
				A873005728662130002F8652 /* SuffixModel.swift in Sources */,
				A873005628661D0D002F8652 /* Constants.swift in Sources */,
			);
			runOnlyForDeploymentPostprocessing = 0;
		};
/* End PBXSourcesBuildPhase section */

/* Begin PBXTargetDependency section */
		A8064A47285F215A00FB5A9C /* PBXTargetDependency */ = {
			isa = PBXTargetDependency;
			target = A8064A36285F215900FB5A9C /* suffixWidgetExtension */;
			targetProxy = A8064A46285F215A00FB5A9C /* PBXContainerItemProxy */;
		};
/* End PBXTargetDependency section */

/* Begin XCBuildConfiguration section */
		A8064A28285F198300FB5A9C /* Debug */ = {
			isa = XCBuildConfiguration;
			buildSettings = {
				ALWAYS_SEARCH_USER_PATHS = NO;
				CLANG_ANALYZER_NONNULL = YES;
				CLANG_ANALYZER_NUMBER_OBJECT_CONVERSION = YES_AGGRESSIVE;
				CLANG_CXX_LANGUAGE_STANDARD = "gnu++17";
				CLANG_ENABLE_MODULES = YES;
				CLANG_ENABLE_OBJC_ARC = YES;
				CLANG_ENABLE_OBJC_WEAK = YES;
				CLANG_WARN_BLOCK_CAPTURE_AUTORELEASING = YES;
				CLANG_WARN_BOOL_CONVERSION = YES;
				CLANG_WARN_COMMA = YES;
				CLANG_WARN_CONSTANT_CONVERSION = YES;
				CLANG_WARN_DEPRECATED_OBJC_IMPLEMENTATIONS = YES;
				CLANG_WARN_DIRECT_OBJC_ISA_USAGE = YES_ERROR;
				CLANG_WARN_DOCUMENTATION_COMMENTS = YES;
				CLANG_WARN_EMPTY_BODY = YES;
				CLANG_WARN_ENUM_CONVERSION = YES;
				CLANG_WARN_INFINITE_RECURSION = YES;
				CLANG_WARN_INT_CONVERSION = YES;
				CLANG_WARN_NON_LITERAL_NULL_CONVERSION = YES;
				CLANG_WARN_OBJC_IMPLICIT_RETAIN_SELF = YES;
				CLANG_WARN_OBJC_LITERAL_CONVERSION = YES;
				CLANG_WARN_OBJC_ROOT_CLASS = YES_ERROR;
				CLANG_WARN_QUOTED_INCLUDE_IN_FRAMEWORK_HEADER = YES;
				CLANG_WARN_RANGE_LOOP_ANALYSIS = YES;
				CLANG_WARN_STRICT_PROTOTYPES = YES;
				CLANG_WARN_SUSPICIOUS_MOVE = YES;
				CLANG_WARN_UNGUARDED_AVAILABILITY = YES_AGGRESSIVE;
				CLANG_WARN_UNREACHABLE_CODE = YES;
				CLANG_WARN__DUPLICATE_METHOD_MATCH = YES;
				COPY_PHASE_STRIP = NO;
				DEBUG_INFORMATION_FORMAT = dwarf;
				ENABLE_STRICT_OBJC_MSGSEND = YES;
				ENABLE_TESTABILITY = YES;
				GCC_C_LANGUAGE_STANDARD = gnu11;
				GCC_DYNAMIC_NO_PIC = NO;
				GCC_NO_COMMON_BLOCKS = YES;
				GCC_OPTIMIZATION_LEVEL = 0;
				GCC_PREPROCESSOR_DEFINITIONS = (
					"DEBUG=1",
					"$(inherited)",
				);
				GCC_WARN_64_TO_32_BIT_CONVERSION = YES;
				GCC_WARN_ABOUT_RETURN_TYPE = YES_ERROR;
				GCC_WARN_UNDECLARED_SELECTOR = YES;
				GCC_WARN_UNINITIALIZED_AUTOS = YES_AGGRESSIVE;
				GCC_WARN_UNUSED_FUNCTION = YES;
				GCC_WARN_UNUSED_VARIABLE = YES;
				IPHONEOS_DEPLOYMENT_TARGET = 15.0;
				MTL_ENABLE_DEBUG_INFO = INCLUDE_SOURCE;
				MTL_FAST_MATH = YES;
				ONLY_ACTIVE_ARCH = YES;
				SDKROOT = iphoneos;
				SWIFT_ACTIVE_COMPILATION_CONDITIONS = DEBUG;
				SWIFT_OPTIMIZATION_LEVEL = "-Onone";
			};
			name = Debug;
		};
		A8064A29285F198300FB5A9C /* Release */ = {
			isa = XCBuildConfiguration;
			buildSettings = {
				ALWAYS_SEARCH_USER_PATHS = NO;
				CLANG_ANALYZER_NONNULL = YES;
				CLANG_ANALYZER_NUMBER_OBJECT_CONVERSION = YES_AGGRESSIVE;
				CLANG_CXX_LANGUAGE_STANDARD = "gnu++17";
				CLANG_ENABLE_MODULES = YES;
				CLANG_ENABLE_OBJC_ARC = YES;
				CLANG_ENABLE_OBJC_WEAK = YES;
				CLANG_WARN_BLOCK_CAPTURE_AUTORELEASING = YES;
				CLANG_WARN_BOOL_CONVERSION = YES;
				CLANG_WARN_COMMA = YES;
				CLANG_WARN_CONSTANT_CONVERSION = YES;
				CLANG_WARN_DEPRECATED_OBJC_IMPLEMENTATIONS = YES;
				CLANG_WARN_DIRECT_OBJC_ISA_USAGE = YES_ERROR;
				CLANG_WARN_DOCUMENTATION_COMMENTS = YES;
				CLANG_WARN_EMPTY_BODY = YES;
				CLANG_WARN_ENUM_CONVERSION = YES;
				CLANG_WARN_INFINITE_RECURSION = YES;
				CLANG_WARN_INT_CONVERSION = YES;
				CLANG_WARN_NON_LITERAL_NULL_CONVERSION = YES;
				CLANG_WARN_OBJC_IMPLICIT_RETAIN_SELF = YES;
				CLANG_WARN_OBJC_LITERAL_CONVERSION = YES;
				CLANG_WARN_OBJC_ROOT_CLASS = YES_ERROR;
				CLANG_WARN_QUOTED_INCLUDE_IN_FRAMEWORK_HEADER = YES;
				CLANG_WARN_RANGE_LOOP_ANALYSIS = YES;
				CLANG_WARN_STRICT_PROTOTYPES = YES;
				CLANG_WARN_SUSPICIOUS_MOVE = YES;
				CLANG_WARN_UNGUARDED_AVAILABILITY = YES_AGGRESSIVE;
				CLANG_WARN_UNREACHABLE_CODE = YES;
				CLANG_WARN__DUPLICATE_METHOD_MATCH = YES;
				COPY_PHASE_STRIP = NO;
				DEBUG_INFORMATION_FORMAT = "dwarf-with-dsym";
				ENABLE_NS_ASSERTIONS = NO;
				ENABLE_STRICT_OBJC_MSGSEND = YES;
				GCC_C_LANGUAGE_STANDARD = gnu11;
				GCC_NO_COMMON_BLOCKS = YES;
				GCC_WARN_64_TO_32_BIT_CONVERSION = YES;
				GCC_WARN_ABOUT_RETURN_TYPE = YES_ERROR;
				GCC_WARN_UNDECLARED_SELECTOR = YES;
				GCC_WARN_UNINITIALIZED_AUTOS = YES_AGGRESSIVE;
				GCC_WARN_UNUSED_FUNCTION = YES;
				GCC_WARN_UNUSED_VARIABLE = YES;
				IPHONEOS_DEPLOYMENT_TARGET = 15.0;
				MTL_ENABLE_DEBUG_INFO = NO;
				MTL_FAST_MATH = YES;
				SDKROOT = iphoneos;
				SWIFT_COMPILATION_MODE = wholemodule;
				SWIFT_OPTIMIZATION_LEVEL = "-O";
				VALIDATE_PRODUCT = YES;
			};
			name = Release;
		};
		A8064A2B285F198300FB5A9C /* Debug */ = {
			isa = XCBuildConfiguration;
			buildSettings = {
				ALWAYS_EMBED_SWIFT_STANDARD_LIBRARIES = YES;
				ASSETCATALOG_COMPILER_APPICON_NAME = AppIcon;
				ASSETCATALOG_COMPILER_GLOBAL_ACCENT_COLOR_NAME = AccentColor;
				CODE_SIGN_ENTITLEMENTS = suffixTask/suffixTask.entitlements;
				CODE_SIGN_STYLE = Automatic;
				CURRENT_PROJECT_VERSION = 1;
				DEVELOPMENT_ASSET_PATHS = "\"suffixTask/Resource/Preview Content\"";
				DEVELOPMENT_TEAM = SG9C53KBMD;
				ENABLE_PREVIEWS = YES;
				GENERATE_INFOPLIST_FILE = YES;
				INFOPLIST_KEY_UIApplicationSceneManifest_Generation = YES;
				INFOPLIST_KEY_UIApplicationSupportsIndirectInputEvents = YES;
				INFOPLIST_KEY_UILaunchScreen_Generation = YES;
				INFOPLIST_KEY_UISupportedInterfaceOrientations_iPad = "UIInterfaceOrientationPortrait UIInterfaceOrientationPortraitUpsideDown UIInterfaceOrientationLandscapeLeft UIInterfaceOrientationLandscapeRight";
				INFOPLIST_KEY_UISupportedInterfaceOrientations_iPhone = "UIInterfaceOrientationPortrait UIInterfaceOrientationLandscapeLeft UIInterfaceOrientationLandscapeRight";
				LD_RUNPATH_SEARCH_PATHS = (
					"$(inherited)",
					"@executable_path/Frameworks",
				);
				MARKETING_VERSION = 1.0;
				PRODUCT_BUNDLE_IDENTIFIER = otus.suffixTask;
				PRODUCT_NAME = "$(TARGET_NAME)";
				SWIFT_EMIT_LOC_STRINGS = YES;
				SWIFT_VERSION = 5.0;
				TARGETED_DEVICE_FAMILY = "1,2";
			};
			name = Debug;
		};
		A8064A2C285F198300FB5A9C /* Release */ = {
			isa = XCBuildConfiguration;
			buildSettings = {
				ALWAYS_EMBED_SWIFT_STANDARD_LIBRARIES = YES;
				ASSETCATALOG_COMPILER_APPICON_NAME = AppIcon;
				ASSETCATALOG_COMPILER_GLOBAL_ACCENT_COLOR_NAME = AccentColor;
				CODE_SIGN_ENTITLEMENTS = suffixTask/suffixTask.entitlements;
				CODE_SIGN_STYLE = Automatic;
				CURRENT_PROJECT_VERSION = 1;
				DEVELOPMENT_ASSET_PATHS = "\"suffixTask/Resource/Preview Content\"";
				DEVELOPMENT_TEAM = SG9C53KBMD;
				ENABLE_PREVIEWS = YES;
				GENERATE_INFOPLIST_FILE = YES;
				INFOPLIST_KEY_UIApplicationSceneManifest_Generation = YES;
				INFOPLIST_KEY_UIApplicationSupportsIndirectInputEvents = YES;
				INFOPLIST_KEY_UILaunchScreen_Generation = YES;
				INFOPLIST_KEY_UISupportedInterfaceOrientations_iPad = "UIInterfaceOrientationPortrait UIInterfaceOrientationPortraitUpsideDown UIInterfaceOrientationLandscapeLeft UIInterfaceOrientationLandscapeRight";
				INFOPLIST_KEY_UISupportedInterfaceOrientations_iPhone = "UIInterfaceOrientationPortrait UIInterfaceOrientationLandscapeLeft UIInterfaceOrientationLandscapeRight";
				LD_RUNPATH_SEARCH_PATHS = (
					"$(inherited)",
					"@executable_path/Frameworks",
				);
				MARKETING_VERSION = 1.0;
				PRODUCT_BUNDLE_IDENTIFIER = otus.suffixTask;
				PRODUCT_NAME = "$(TARGET_NAME)";
				SWIFT_EMIT_LOC_STRINGS = YES;
				SWIFT_VERSION = 5.0;
				TARGETED_DEVICE_FAMILY = "1,2";
			};
			name = Release;
		};
		A8064A4A285F215A00FB5A9C /* Debug */ = {
			isa = XCBuildConfiguration;
			buildSettings = {
				ASSETCATALOG_COMPILER_GLOBAL_ACCENT_COLOR_NAME = AccentColor;
				ASSETCATALOG_COMPILER_WIDGET_BACKGROUND_COLOR_NAME = WidgetBackground;
				CODE_SIGN_STYLE = Automatic;
				CURRENT_PROJECT_VERSION = 1;
				DEVELOPMENT_TEAM = SG9C53KBMD;
				GENERATE_INFOPLIST_FILE = YES;
				INFOPLIST_FILE = suffixWidget/Info.plist;
				INFOPLIST_KEY_CFBundleDisplayName = suffixWidget;
				INFOPLIST_KEY_NSHumanReadableCopyright = "";
				LD_RUNPATH_SEARCH_PATHS = (
					"$(inherited)",
					"@executable_path/Frameworks",
					"@executable_path/../../Frameworks",
				);
				MARKETING_VERSION = 1.0;
				PRODUCT_BUNDLE_IDENTIFIER = otus.suffixTask.suffixWidget;
				PRODUCT_NAME = "$(TARGET_NAME)";
				SKIP_INSTALL = YES;
				SWIFT_EMIT_LOC_STRINGS = YES;
				SWIFT_VERSION = 5.0;
				TARGETED_DEVICE_FAMILY = "1,2";
			};
			name = Debug;
		};
		A8064A4B285F215A00FB5A9C /* Release */ = {
			isa = XCBuildConfiguration;
			buildSettings = {
				ASSETCATALOG_COMPILER_GLOBAL_ACCENT_COLOR_NAME = AccentColor;
				ASSETCATALOG_COMPILER_WIDGET_BACKGROUND_COLOR_NAME = WidgetBackground;
				CODE_SIGN_STYLE = Automatic;
				CURRENT_PROJECT_VERSION = 1;
				DEVELOPMENT_TEAM = SG9C53KBMD;
				GENERATE_INFOPLIST_FILE = YES;
				INFOPLIST_FILE = suffixWidget/Info.plist;
				INFOPLIST_KEY_CFBundleDisplayName = suffixWidget;
				INFOPLIST_KEY_NSHumanReadableCopyright = "";
				LD_RUNPATH_SEARCH_PATHS = (
					"$(inherited)",
					"@executable_path/Frameworks",
					"@executable_path/../../Frameworks",
				);
				MARKETING_VERSION = 1.0;
				PRODUCT_BUNDLE_IDENTIFIER = otus.suffixTask.suffixWidget;
				PRODUCT_NAME = "$(TARGET_NAME)";
				SKIP_INSTALL = YES;
				SWIFT_EMIT_LOC_STRINGS = YES;
				SWIFT_VERSION = 5.0;
				TARGETED_DEVICE_FAMILY = "1,2";
			};
			name = Release;
		};
/* End XCBuildConfiguration section */

/* Begin XCConfigurationList section */
		A8064A01285F198200FB5A9C /* Build configuration list for PBXProject "suffixTask" */ = {
			isa = XCConfigurationList;
			buildConfigurations = (
				A8064A28285F198300FB5A9C /* Debug */,
				A8064A29285F198300FB5A9C /* Release */,
			);
			defaultConfigurationIsVisible = 0;
			defaultConfigurationName = Release;
		};
		A8064A2A285F198300FB5A9C /* Build configuration list for PBXNativeTarget "suffixTask" */ = {
			isa = XCConfigurationList;
			buildConfigurations = (
				A8064A2B285F198300FB5A9C /* Debug */,
				A8064A2C285F198300FB5A9C /* Release */,
			);
			defaultConfigurationIsVisible = 0;
			defaultConfigurationName = Release;
		};
		A8064A49285F215A00FB5A9C /* Build configuration list for PBXNativeTarget "suffixWidgetExtension" */ = {
			isa = XCConfigurationList;
			buildConfigurations = (
				A8064A4A285F215A00FB5A9C /* Debug */,
				A8064A4B285F215A00FB5A9C /* Release */,
			);
			defaultConfigurationIsVisible = 0;
			defaultConfigurationName = Release;
		};
/* End XCConfigurationList section */
	};
	rootObject = A80649FE285F198200FB5A9C /* Project object */;
}
